
Microsoft Visual Studio Solution File, Format Version 12.00
# Visual Studio Version 17
VisualStudioVersion = 17.11.35222.181
MinimumVisualStudioVersion = 10.0.40219.1
Project("{FAE04EC0-301F-11D3-BF4B-00C04F79EFBC}") = "Turbo.az", "Turbo.az\Turbo.az.csproj", "{699176CA-D663-4321-8940-6C7A91F3DF74}"
EndProject
Global
	GlobalSection(SolutionConfigurationPlatforms) = preSolution
		Debug|Any CPU = Debug|Any CPU
		Release|Any CPU = Release|Any CPU
	EndGlobalSection
	GlobalSection(ProjectConfigurationPlatforms) = postSolution
		{699176CA-D663-4321-8940-6C7A91F3DF74}.Debug|Any CPU.ActiveCfg = Debug|Any CPU
		{699176CA-D663-4321-8940-6C7A91F3DF74}.Debug|Any CPU.Build.0 = Debug|Any CPU
		{699176CA-D663-4321-8940-6C7A91F3DF74}.Release|Any CPU.ActiveCfg = Release|Any CPU
		{699176CA-D663-4321-8940-6C7A91F3DF74}.Release|Any CPU.Build.0 = Release|Any CPU
	EndGlobalSection
	GlobalSection(SolutionProperties) = preSolution
		HideSolutionNode = FALSE
	EndGlobalSection
	GlobalSection(ExtensibilityGlobals) = postSolution
		SolutionGuid = {A51E6CAB-D1F3-4AF2-A083-5AE21C81C478}
	EndGlobalSection
EndGlobal
